
Microsoft Visual Studio Solution File, Format Version 12.00
# Visual Studio Version 16
VisualStudioVersion = 16.0.30413.136
MinimumVisualStudioVersion = 10.0.40219.1
Project("{FAE04EC0-301F-11D3-BF4B-00C04F79EFBC}") = "QuanLiTruongHoc", "QuanLiTruongHoc.csproj", "{C3130F60-92D0-4899-95A4-FAEB4613001D}"
EndProject
Global
	GlobalSection(SolutionConfigurationPlatforms) = preSolution
		Debug|Any CPU = Debug|Any CPU
		Release|Any CPU = Release|Any CPU
	EndGlobalSection
	GlobalSection(ProjectConfigurationPlatforms) = postSolution
		{C3130F60-92D0-4899-95A4-FAEB4613001D}.Debug|Any CPU.ActiveCfg = Debug|Any CPU
		{C3130F60-92D0-4899-95A4-FAEB4613001D}.Debug|Any CPU.Build.0 = Debug|Any CPU
		{C3130F60-92D0-4899-95A4-FAEB4613001D}.Release|Any CPU.ActiveCfg = Release|Any CPU
		{C3130F60-92D0-4899-95A4-FAEB4613001D}.Release|Any CPU.Build.0 = Release|Any CPU
	EndGlobalSection
	GlobalSection(SolutionProperties) = preSolution
		HideSolutionNode = FALSE
	EndGlobalSection
	GlobalSection(ExtensibilityGlobals) = postSolution
		SolutionGuid = {2FF9C757-88EE-46B9-9CEA-FD9B01E376B0}
	EndGlobalSection
EndGlobal
